<?xml version="1.0" encoding="utf-8"?>
<Project ToolsVersion="4.0" xmlns="http://schemas.microsoft.com/developer/msbuild/2003">
  <ItemGroup>
    <Filter Include="Main">
      <UniqueIdentifier>{9dc80ce1-c2d9-4b67-a512-109a04678b98}</UniqueIdentifier>
    </Filter>
    <Filter Include="Box">
      <UniqueIdentifier>{d90e6eda-96ac-4fd7-8c59-48721a1901a5}</UniqueIdentifier>
    </Filter>
  </ItemGroup>
  <ItemGroup>
    <ClCompile Include="main.cpp">
      <Filter>Main</Filter>
    </ClCompile>
    <ClCompile Include="box.cpp" />
  </ItemGroup>
  <ItemGroup>
    <ClInclude Include="box.h">
      <Filter>Box</Filter>
    </ClInclude>
  </ItemGroup>
</Project>